
Microsoft Visual Studio Solution File, Format Version 12.00
# Visual Studio Version 17
VisualStudioVersion = 17.11.35312.102
MinimumVisualStudioVersion = 10.0.40219.1
Project("{FAE04EC0-301F-11D3-BF4B-00C04F79EFBC}") = "KPZ_lab5", "KPZ_lab5.csproj", "{77BB613C-E3C6-4030-82BA-78E69BB0330D}"
EndProject
Global
	GlobalSection(SolutionConfigurationPlatforms) = preSolution
		Debug|Any CPU = Debug|Any CPU
		Release|Any CPU = Release|Any CPU
	EndGlobalSection
	GlobalSection(ProjectConfigurationPlatforms) = postSolution
		{77BB613C-E3C6-4030-82BA-78E69BB0330D}.Debug|Any CPU.ActiveCfg = Debug|Any CPU
		{77BB613C-E3C6-4030-82BA-78E69BB0330D}.Debug|Any CPU.Build.0 = Debug|Any CPU
		{77BB613C-E3C6-4030-82BA-78E69BB0330D}.Release|Any CPU.ActiveCfg = Release|Any CPU
		{77BB613C-E3C6-4030-82BA-78E69BB0330D}.Release|Any CPU.Build.0 = Release|Any CPU
	EndGlobalSection
	GlobalSection(SolutionProperties) = preSolution
		HideSolutionNode = FALSE
	EndGlobalSection
	GlobalSection(ExtensibilityGlobals) = postSolution
		SolutionGuid = {4869DD7F-F4C9-40BD-A775-8AEB2297C0CF}
	EndGlobalSection
EndGlobal
